Microsoft Visual Studio Solution File, Format Version 11.00
# Visual Studio 2010
Project("{FAE04EC0-301F-11D3-BF4B-00C04F79EFBC}") = "BallMazeDemo", "BallMazeDemo.csproj", "{7C4D3D23-9DB0-481D-8D41-39CC9FA1F13B}"
EndProject
Global
	GlobalSection(SolutionConfigurationPlatforms) = preSolution
		Debug|Any CPU = Debug|Any CPU
		Release|Any CPU = Release|Any CPU
	EndGlobalSection
	GlobalSection(ProjectConfigurationPlatforms) = postSolution
		{7C4D3D23-9DB0-481D-8D41-39CC9FA1F13B}.Debug|Any CPU.ActiveCfg = Debug|Any CPU
		{7C4D3D23-9DB0-481D-8D41-39CC9FA1F13B}.Debug|Any CPU.Build.0 = Debug|Any CPU
		{7C4D3D23-9DB0-481D-8D41-39CC9FA1F13B}.Release|Any CPU.ActiveCfg = Release|Any CPU
		{7C4D3D23-9DB0-481D-8D41-39CC9FA1F13B}.Release|Any CPU.Build.0 = Release|Any CPU
	EndGlobalSection
	GlobalSection(MonoDevelopProperties) = preSolution
		StartupItem = BallMazeDemo.csproj
	EndGlobalSection
EndGlobal
