
Microsoft Visual Studio Solution File, Format Version 11.00
# Visual Studio 2010
Project("{FAE04EC0-301F-11D3-BF4B-00C04F79EFBC}") = "DemoClock", "DemoClock.csproj", "{53112390-EADE-458C-A707-3F74CE4D64AA}"
EndProject
Global
	GlobalSection(SolutionConfigurationPlatforms) = preSolution
		Debug|Any CPU = Debug|Any CPU
		Release|Any CPU = Release|Any CPU
	EndGlobalSection
	GlobalSection(ProjectConfigurationPlatforms) = postSolution
		{53112390-EADE-458C-A707-3F74CE4D64AA}.Debug|Any CPU.ActiveCfg = Debug|Any CPU
		{53112390-EADE-458C-A707-3F74CE4D64AA}.Debug|Any CPU.Build.0 = Debug|Any CPU
		{53112390-EADE-458C-A707-3F74CE4D64AA}.Release|Any CPU.ActiveCfg = Release|Any CPU
		{53112390-EADE-458C-A707-3F74CE4D64AA}.Release|Any CPU.Build.0 = Release|Any CPU
	EndGlobalSection
	GlobalSection(MonoDevelopProperties) = preSolution
		StartupItem = DemoClock.csproj
	EndGlobalSection
EndGlobal
