
Microsoft Visual Studio Solution File, Format Version 10.00
# Visual Studio 2008
Project("{8BC9CEB8-8B4A-11D0-8D11-00A0C91BC942}") = "ModelConverter", "ModelConverter.vcproj", "{5FF8E403-284B-4387-B91E-34E4C4AE9510}"
	ProjectSection(ProjectDependencies) = postProject
		{040CF10E-DD43-4C89-BC9C-F57761636FA4} = {040CF10E-DD43-4C89-BC9C-F57761636FA4}
		{5B4DB43B-2299-4FDA-975B-74C628909F82} = {5B4DB43B-2299-4FDA-975B-74C628909F82}
		{D53030BD-E85A-4159-9B0F-A23E31AFDB73} = {D53030BD-E85A-4159-9B0F-A23E31AFDB73}
		{C0F091DD-648B-441A-B1C5-CF731EF31680} = {C0F091DD-648B-441A-B1C5-CF731EF31680}
	EndProjectSection
EndProject
Project("{8BC9CEB8-8B4A-11D0-8D11-00A0C91BC942}") = "ModelFormat", "ModelFormat\ModelFormat.vcproj", "{040CF10E-DD43-4C89-BC9C-F57761636FA4}"
	ProjectSection(ProjectDependencies) = postProject
		{5B4DB43B-2299-4FDA-975B-74C628909F82} = {5B4DB43B-2299-4FDA-975B-74C628909F82}
		{C0F091DD-648B-441A-B1C5-CF731EF31680} = {C0F091DD-648B-441A-B1C5-CF731EF31680}
	EndProjectSection
EndProject
Project("{8BC9CEB8-8B4A-11D0-8D11-00A0C91BC942}") = "ModelProc", "ModelProc\ModelProc.vcproj", "{D53030BD-E85A-4159-9B0F-A23E31AFDB73}"
	ProjectSection(ProjectDependencies) = postProject
		{040CF10E-DD43-4C89-BC9C-F57761636FA4} = {040CF10E-DD43-4C89-BC9C-F57761636FA4}
		{5B4DB43B-2299-4FDA-975B-74C628909F82} = {5B4DB43B-2299-4FDA-975B-74C628909F82}
		{C0F091DD-648B-441A-B1C5-CF731EF31680} = {C0F091DD-648B-441A-B1C5-CF731EF31680}
	EndProjectSection
EndProject
Project("{8BC9CEB8-8B4A-11D0-8D11-00A0C91BC942}") = "ModelTool", "ModelTool\ModelTool.vcproj", "{C0F091DD-648B-441A-B1C5-CF731EF31680}"
	ProjectSection(ProjectDependencies) = postProject
		{5B4DB43B-2299-4FDA-975B-74C628909F82} = {5B4DB43B-2299-4FDA-975B-74C628909F82}
	EndProjectSection
EndProject
Project("{8BC9CEB8-8B4A-11D0-8D11-00A0C91BC942}") = "ModelUtil", "ModelUtil\ModelUtil.vcproj", "{5B4DB43B-2299-4FDA-975B-74C628909F82}"
EndProject
Global
	GlobalSection(SolutionConfigurationPlatforms) = preSolution
		Debug|Win32 = Debug|Win32
		Release|Win32 = Release|Win32
	EndGlobalSection
	GlobalSection(ProjectConfigurationPlatforms) = postSolution
		{5FF8E403-284B-4387-B91E-34E4C4AE9510}.Debug|Win32.ActiveCfg = Debug|Win32
		{5FF8E403-284B-4387-B91E-34E4C4AE9510}.Debug|Win32.Build.0 = Debug|Win32
		{5FF8E403-284B-4387-B91E-34E4C4AE9510}.Release|Win32.ActiveCfg = Release|Win32
		{5FF8E403-284B-4387-B91E-34E4C4AE9510}.Release|Win32.Build.0 = Release|Win32
		{040CF10E-DD43-4C89-BC9C-F57761636FA4}.Debug|Win32.ActiveCfg = Debug|Win32
		{040CF10E-DD43-4C89-BC9C-F57761636FA4}.Debug|Win32.Build.0 = Debug|Win32
		{040CF10E-DD43-4C89-BC9C-F57761636FA4}.Release|Win32.ActiveCfg = Release|Win32
		{040CF10E-DD43-4C89-BC9C-F57761636FA4}.Release|Win32.Build.0 = Release|Win32
		{D53030BD-E85A-4159-9B0F-A23E31AFDB73}.Debug|Win32.ActiveCfg = Debug|Win32
		{D53030BD-E85A-4159-9B0F-A23E31AFDB73}.Debug|Win32.Build.0 = Debug|Win32
		{D53030BD-E85A-4159-9B0F-A23E31AFDB73}.Release|Win32.ActiveCfg = Release|Win32
		{D53030BD-E85A-4159-9B0F-A23E31AFDB73}.Release|Win32.Build.0 = Release|Win32
		{C0F091DD-648B-441A-B1C5-CF731EF31680}.Debug|Win32.ActiveCfg = Debug|Win32
		{C0F091DD-648B-441A-B1C5-CF731EF31680}.Debug|Win32.Build.0 = Debug|Win32
		{C0F091DD-648B-441A-B1C5-CF731EF31680}.Release|Win32.ActiveCfg = Release|Win32
		{C0F091DD-648B-441A-B1C5-CF731EF31680}.Release|Win32.Build.0 = Release|Win32
		{5B4DB43B-2299-4FDA-975B-74C628909F82}.Debug|Win32.ActiveCfg = Debug|Win32
		{5B4DB43B-2299-4FDA-975B-74C628909F82}.Debug|Win32.Build.0 = Debug|Win32
		{5B4DB43B-2299-4FDA-975B-74C628909F82}.Release|Win32.ActiveCfg = Release|Win32
		{5B4DB43B-2299-4FDA-975B-74C628909F82}.Release|Win32.Build.0 = Release|Win32
	EndGlobalSection
	GlobalSection(SolutionProperties) = preSolution
		HideSolutionNode = FALSE
	EndGlobalSection
EndGlobal
