
Microsoft Visual Studio Solution File, Format Version 11.00
# Visual Studio 2010
Project("{FAE04EC0-301F-11D3-BF4B-00C04F79EFBC}") = "GameEngine2D", "GameEngine2D.csproj", "{A36CE4AC-6436-452D-A25D-9BD87A4100EA}"
EndProject
Global
	GlobalSection(SolutionConfigurationPlatforms) = preSolution
		Debug|Any CPU = Debug|Any CPU
		Release|Any CPU = Release|Any CPU
	EndGlobalSection
	GlobalSection(ProjectConfigurationPlatforms) = postSolution
		{A36CE4AC-6436-452D-A25D-9BD87A4100EA}.Debug|Any CPU.ActiveCfg = Debug|Any CPU
		{A36CE4AC-6436-452D-A25D-9BD87A4100EA}.Debug|Any CPU.Build.0 = Debug|Any CPU
		{A36CE4AC-6436-452D-A25D-9BD87A4100EA}.Release|Any CPU.ActiveCfg = Release|Any CPU
		{A36CE4AC-6436-452D-A25D-9BD87A4100EA}.Release|Any CPU.Build.0 = Release|Any CPU
	EndGlobalSection
	GlobalSection(MonoDevelopProperties) = preSolution
		StartupItem = GameEngine2D.csproj
	EndGlobalSection
EndGlobal
