
Microsoft Visual Studio Solution File, Format Version 10.00
# Visual Studio 2008
Project("{8BC9CEB8-8B4A-11D0-8D11-00A0C91BC942}") = "ImportXSI", "ImportXSI.vcproj", "{6450AAF2-8D0B-4AB9-A316-3C9DC0E6836D}"
EndProject
Global
	GlobalSection(SolutionConfigurationPlatforms) = preSolution
		Debug|Win32 = Debug|Win32
		Release|Win32 = Release|Win32
	EndGlobalSection
	GlobalSection(ProjectConfigurationPlatforms) = postSolution
		{6450AAF2-8D0B-4AB9-A316-3C9DC0E6836D}.Debug|Win32.ActiveCfg = Debug|Win32
		{6450AAF2-8D0B-4AB9-A316-3C9DC0E6836D}.Debug|Win32.Build.0 = Debug|Win32
		{6450AAF2-8D0B-4AB9-A316-3C9DC0E6836D}.Release|Win32.ActiveCfg = Release|Win32
		{6450AAF2-8D0B-4AB9-A316-3C9DC0E6836D}.Release|Win32.Build.0 = Release|Win32
	EndGlobalSection
	GlobalSection(SolutionProperties) = preSolution
		HideSolutionNode = FALSE
	EndGlobalSection
EndGlobal
