Microsoft Visual Studio Solution File, Format Version 11.00
# Visual Studio 2010
Project("{FAE04EC0-301F-11D3-BF4B-00C04F79EFBC}") = "SystemEventsSample", "SystemEventsSample.csproj", "{366C3916-C3F5-4BD1-BFFF-0FD6FD3EF0AF}"
EndProject
Project("{FAE04EC0-301F-11D3-BF4B-00C04F79EFBC}") = "SampleLib", "..\..\lib\SampleLib\SampleLib.csproj", "{DA12989D-8B5F-4844-A97A-278F6397CE1D}"
EndProject
Global
	GlobalSection(SolutionConfigurationPlatforms) = preSolution
		Debug|Any CPU = Debug|Any CPU
		Release|Any CPU = Release|Any CPU
	EndGlobalSection
	GlobalSection(ProjectConfigurationPlatforms) = postSolution
		{366C3916-C3F5-4BD1-BFFF-0FD6FD3EF0AF}.Debug|Any CPU.ActiveCfg = Debug|Any CPU
		{366C3916-C3F5-4BD1-BFFF-0FD6FD3EF0AF}.Debug|Any CPU.Build.0 = Debug|Any CPU
		{366C3916-C3F5-4BD1-BFFF-0FD6FD3EF0AF}.Release|Any CPU.ActiveCfg = Release|Any CPU
		{366C3916-C3F5-4BD1-BFFF-0FD6FD3EF0AF}.Release|Any CPU.Build.0 = Release|Any CPU
		{DA12989D-8B5F-4844-A97A-278F6397CE1D}.Debug|Any CPU.ActiveCfg = Debug|Any CPU
		{DA12989D-8B5F-4844-A97A-278F6397CE1D}.Debug|Any CPU.Build.0 = Debug|Any CPU
		{DA12989D-8B5F-4844-A97A-278F6397CE1D}.Release|Any CPU.ActiveCfg = Release|Any CPU
		{DA12989D-8B5F-4844-A97A-278F6397CE1D}.Release|Any CPU.Build.0 = Release|Any CPU
	EndGlobalSection
	GlobalSection(SolutionProperties) = preSolution
		HideSolutionNode = FALSE
	EndGlobalSection
	GlobalSection(MonoDevelopProperties) = preSolution
		StartupItem = SystemEventsSample.csproj
	EndGlobalSection
EndGlobal
