Microsoft Visual Studio Solution File, Format Version 11.00
# Visual Studio 2010
Project("{FAE04EC0-301F-11D3-BF4B-00C04F79EFBC}") = "BrickSmashDemo", "BrickSmashDemo.csproj", "{564D4E0A-C666-4B51-B3FB-215952988B22}"
EndProject
Global
	GlobalSection(SolutionConfigurationPlatforms) = preSolution
		Debug|Any CPU = Debug|Any CPU
		Release|Any CPU = Release|Any CPU
	EndGlobalSection
	GlobalSection(ProjectConfigurationPlatforms) = postSolution
		{564D4E0A-C666-4B51-B3FB-215952988B22}.Debug|Any CPU.ActiveCfg = Debug|Any CPU
		{564D4E0A-C666-4B51-B3FB-215952988B22}.Debug|Any CPU.Build.0 = Debug|Any CPU
		{564D4E0A-C666-4B51-B3FB-215952988B22}.Release|Any CPU.ActiveCfg = Release|Any CPU
		{564D4E0A-C666-4B51-B3FB-215952988B22}.Release|Any CPU.Build.0 = Release|Any CPU
	EndGlobalSection
	GlobalSection(MonoDevelopProperties) = preSolution
		StartupItem = BrickSmashDemo.csproj
	EndGlobalSection
EndGlobal
